
Microsoft Visual Studio Solution File, Format Version 12.00
# Visual Studio Version 17
VisualStudioVersion = 17.9.34723.18
MinimumVisualStudioVersion = 10.0.40219.1
Project("{FAE04EC0-301F-11D3-BF4B-00C04F79EFBC}") = "TaskTwelve", "TaskTwelve\TaskTwelve.csproj", "{23B70391-3C23-4EAA-BA40-D7633C6F9823}"
EndProject
Global
	GlobalSection(SolutionConfigurationPlatforms) = preSolution
		Debug|Any CPU = Debug|Any CPU
		Release|Any CPU = Release|Any CPU
	EndGlobalSection
	GlobalSection(ProjectConfigurationPlatforms) = postSolution
		{23B70391-3C23-4EAA-BA40-D7633C6F9823}.Debug|Any CPU.ActiveCfg = Debug|Any CPU
		{23B70391-3C23-4EAA-BA40-D7633C6F9823}.Debug|Any CPU.Build.0 = Debug|Any CPU
		{23B70391-3C23-4EAA-BA40-D7633C6F9823}.Release|Any CPU.ActiveCfg = Release|Any CPU
		{23B70391-3C23-4EAA-BA40-D7633C6F9823}.Release|Any CPU.Build.0 = Release|Any CPU
	EndGlobalSection
	GlobalSection(SolutionProperties) = preSolution
		HideSolutionNode = FALSE
	EndGlobalSection
	GlobalSection(ExtensibilityGlobals) = postSolution
		SolutionGuid = {01B02EEC-1343-4421-9FCA-5BF8DE21492D}
	EndGlobalSection
EndGlobal
